// !$*UTF8*$!
{
	archiveVersion = 1;
	classes = {
	};
	objectVersion = 46;
	objects = {

/* Begin PBXBuildFile section */
		D111289E1DD8A042000DFF78 /* AppDelegate.swift in Sources */ = {isa = PBXBuildFile; fileRef = D111289D1DD8A042000DFF78 /* AppDelegate.swift */; };
		D11128A01DD8A042000DFF78 /* ViewController.swift in Sources */ = {isa = PBXBuildFile; fileRef = D111289F1DD8A042000DFF78 /* ViewController.swift */; };
		D11128A31DD8A042000DFF78 /* Main.storyboard in Resources */ = {isa = PBXBuildFile; fileRef = D11128A11DD8A042000DFF78 /* Main.storyboard */; };
		D11128A51DD8A042000DFF78 /* Assets.xcassets in Resources */ = {isa = PBXBuildFile; fileRef = D11128A41DD8A042000DFF78 /* Assets.xcassets */; };
		D11128A81DD8A042000DFF78 /* LaunchScreen.storyboard in Resources */ = {isa = PBXBuildFile; fileRef = D11128A61DD8A042000DFF78 /* LaunchScreen.storyboard */; };
		D11128B31DD8A043000DFF78 /* SimpleGHClientTests.swift in Sources */ = {isa = PBXBuildFile; fileRef = D11128B21DD8A043000DFF78 /* SimpleGHClientTests.swift */; };
		D18306C51DE1F6ED005A0579 /* ReposAndUsersTableViewDataSourceDelegate.swift in Sources */ = {isa = PBXBuildFile; fileRef = D18306C41DE1F6ED005A0579 /* ReposAndUsersTableViewDataSourceDelegate.swift */; };
		D18306C81DE20021005A0579 /* NetworkingManager.swift in Sources */ = {isa = PBXBuildFile; fileRef = D18306C71DE20021005A0579 /* NetworkingManager.swift */; };
		D1F9C7BD1DD8B005002C2297 /* AFNetworking.framework in Frameworks */ = {isa = PBXBuildFile; fileRef = D1F9C7BC1DD8B005002C2297 /* AFNetworking.framework */; };
		D1F9C7BF1DD8B00A002C2297 /* Mantle.framework in Frameworks */ = {isa = PBXBuildFile; fileRef = D1F9C7BE1DD8B00A002C2297 /* Mantle.framework */; };
		D1F9C7C11DD8B00D002C2297 /* ReactiveCocoa.framework in Frameworks */ = {isa = PBXBuildFile; fileRef = D1F9C7C01DD8B00D002C2297 /* ReactiveCocoa.framework */; };
		D1F9C7C31DD8B010002C2297 /* OctoKit.framework in Frameworks */ = {isa = PBXBuildFile; fileRef = D1F9C7C21DD8B010002C2297 /* OctoKit.framework */; };
		D1F9C7CA1DD8BB9E002C2297 /* ISO8601DateFormatter.framework in Frameworks */ = {isa = PBXBuildFile; fileRef = D1F9C7C91DD8BB9E002C2297 /* ISO8601DateFormatter.framework */; };
/* End PBXBuildFile section */

/* Begin PBXContainerItemProxy section */
		D11128AF1DD8A043000DFF78 /* PBXContainerItemProxy */ = {
			isa = PBXContainerItemProxy;
			containerPortal = D11128921DD8A042000DFF78 /* Project object */;
			proxyType = 1;
			remoteGlobalIDString = D11128991DD8A042000DFF78;
			remoteInfo = SimpleGHClient;
		};
/* End PBXContainerItemProxy section */

/* Begin PBXFileReference section */
		D111289A1DD8A042000DFF78 /* SimpleGHClient.app */ = {isa = PBXFileReference; explicitFileType = wrapper.application; includeInIndex = 0; path = SimpleGHClient.app; sourceTree = BUILT_PRODUCTS_DIR; };
		D111289D1DD8A042000DFF78 /* AppDelegate.swift */ = {isa = PBXFileReference; lastKnownFileType = sourcecode.swift; path = AppDelegate.swift; sourceTree = "<group>"; };
		D111289F1DD8A042000DFF78 /* ViewController.swift */ = {isa = PBXFileReference; lastKnownFileType = sourcecode.swift; path = ViewController.swift; sourceTree = "<group>"; };
		D11128A21DD8A042000DFF78 /* Base */ = {isa = PBXFileReference; lastKnownFileType = file.storyboard; name = Base; path = Base.lproj/Main.storyboard; sourceTree = "<group>"; };
		D11128A41DD8A042000DFF78 /* Assets.xcassets */ = {isa = PBXFileReference; lastKnownFileType = folder.assetcatalog; path = Assets.xcassets; sourceTree = "<group>"; };
		D11128A71DD8A042000DFF78 /* Base */ = {isa = PBXFileReference; lastKnownFileType = file.storyboard; name = Base; path = Base.lproj/LaunchScreen.storyboard; sourceTree = "<group>"; };
		D11128A91DD8A042000DFF78 /* Info.plist */ = {isa = PBXFileReference; lastKnownFileType = text.plist.xml; path = Info.plist; sourceTree = "<group>"; };
		D11128AE1DD8A043000DFF78 /* SimpleGHClientTests.xctest */ = {isa = PBXFileReference; explicitFileType = wrapper.cfbundle; includeInIndex = 0; path = SimpleGHClientTests.xctest; sourceTree = BUILT_PRODUCTS_DIR; };
		D11128B21DD8A043000DFF78 /* SimpleGHClientTests.swift */ = {isa = PBXFileReference; lastKnownFileType = sourcecode.swift; path = SimpleGHClientTests.swift; sourceTree = "<group>"; };
		D11128B41DD8A043000DFF78 /* Info.plist */ = {isa = PBXFileReference; lastKnownFileType = text.plist.xml; path = Info.plist; sourceTree = "<group>"; };
		D11128BE1DD8A9BB000DFF78 /* AFNetworking.framework */ = {isa = PBXFileReference; lastKnownFileType = wrapper.framework; name = AFNetworking.framework; path = ../Carthage/Build/iOS/AFNetworking.framework; sourceTree = "<group>"; };
		D11128C01DD8A9C3000DFF78 /* Mantle.framework */ = {isa = PBXFileReference; lastKnownFileType = wrapper.framework; name = Mantle.framework; path = ../Carthage/Build/iOS/Mantle.framework; sourceTree = "<group>"; };
		D11128C21DD8A9C8000DFF78 /* ReactiveCocoa.framework */ = {isa = PBXFileReference; lastKnownFileType = wrapper.framework; name = ReactiveCocoa.framework; path = ../Carthage/Build/iOS/ReactiveCocoa.framework; sourceTree = "<group>"; };
		D11128C41DD8A9CD000DFF78 /* OctoKit.framework */ = {isa = PBXFileReference; lastKnownFileType = wrapper.framework; name = OctoKit.framework; path = ../Carthage/Build/iOS/OctoKit.framework; sourceTree = "<group>"; };
		D18306C41DE1F6ED005A0579 /* ReposAndUsersTableViewDataSourceDelegate.swift */ = {isa = PBXFileReference; fileEncoding = 4; lastKnownFileType = sourcecode.swift; path = ReposAndUsersTableViewDataSourceDelegate.swift; sourceTree = "<group>"; };
		D18306C71DE20021005A0579 /* NetworkingManager.swift */ = {isa = PBXFileReference; fileEncoding = 4; lastKnownFileType = sourcecode.swift; path = NetworkingManager.swift; sourceTree = "<group>"; };
		D1F9C7BC1DD8B005002C2297 /* AFNetworking.framework */ = {isa = PBXFileReference; lastKnownFileType = wrapper.framework; name = AFNetworking.framework; path = Carthage/Build/iOS/AFNetworking.framework; sourceTree = "<group>"; };
		D1F9C7BE1DD8B00A002C2297 /* Mantle.framework */ = {isa = PBXFileReference; lastKnownFileType = wrapper.framework; name = Mantle.framework; path = Carthage/Build/iOS/Mantle.framework; sourceTree = "<group>"; };
		D1F9C7C01DD8B00D002C2297 /* ReactiveCocoa.framework */ = {isa = PBXFileReference; lastKnownFileType = wrapper.framework; name = ReactiveCocoa.framework; path = Carthage/Build/iOS/ReactiveCocoa.framework; sourceTree = "<group>"; };
		D1F9C7C21DD8B010002C2297 /* OctoKit.framework */ = {isa = PBXFileReference; lastKnownFileType = wrapper.framework; name = OctoKit.framework; path = Carthage/Build/iOS/OctoKit.framework; sourceTree = "<group>"; };
		D1F9C7C91DD8BB9E002C2297 /* ISO8601DateFormatter.framework */ = {isa = PBXFileReference; lastKnownFileType = wrapper.framework; name = ISO8601DateFormatter.framework; path = Carthage/Build/iOS/ISO8601DateFormatter.framework; sourceTree = "<group>"; };
/* End PBXFileReference section */

/* Begin PBXFrameworksBuildPhase section */
		D11128971DD8A042000DFF78 /* Frameworks */ = {
			isa = PBXFrameworksBuildPhase;
			buildActionMask = 2147483647;
			files = (
				D1F9C7BD1DD8B005002C2297 /* AFNetworking.framework in Frameworks */,
				D1F9C7BF1DD8B00A002C2297 /* Mantle.framework in Frameworks */,
				D1F9C7C11DD8B00D002C2297 /* ReactiveCocoa.framework in Frameworks */,
				D1F9C7CA1DD8BB9E002C2297 /* ISO8601DateFormatter.framework in Frameworks */,
				D1F9C7C31DD8B010002C2297 /* OctoKit.framework in Frameworks */,
			);
			runOnlyForDeploymentPostprocessing = 0;
		};
		D11128AB1DD8A043000DFF78 /* Frameworks */ = {
			isa = PBXFrameworksBuildPhase;
			buildActionMask = 2147483647;
			files = (
			);
			runOnlyForDeploymentPostprocessing = 0;
		};
/* End PBXFrameworksBuildPhase section */

/* Begin PBXGroup section */
		D11128911DD8A042000DFF78 = {
			isa = PBXGroup;
			children = (
				D111289C1DD8A042000DFF78 /* SimpleGHClient */,
				D11128B11DD8A043000DFF78 /* SimpleGHClientTests */,
				D111289B1DD8A042000DFF78 /* Products */,
				D11128BD1DD8A9BB000DFF78 /* Frameworks */,
			);
			sourceTree = "<group>";
		};
		D111289B1DD8A042000DFF78 /* Products */ = {
			isa = PBXGroup;
			children = (
				D111289A1DD8A042000DFF78 /* SimpleGHClient.app */,
				D11128AE1DD8A043000DFF78 /* SimpleGHClientTests.xctest */,
			);
			name = Products;
			sourceTree = "<group>";
		};
		D111289C1DD8A042000DFF78 /* SimpleGHClient */ = {
			isa = PBXGroup;
			children = (
				D111289D1DD8A042000DFF78 /* AppDelegate.swift */,
				D111289F1DD8A042000DFF78 /* ViewController.swift */,
				D18306C71DE20021005A0579 /* NetworkingManager.swift */,
				D18306C41DE1F6ED005A0579 /* ReposAndUsersTableViewDataSourceDelegate.swift */,
				D11128A11DD8A042000DFF78 /* Main.storyboard */,
				D11128A41DD8A042000DFF78 /* Assets.xcassets */,
				D11128A61DD8A042000DFF78 /* LaunchScreen.storyboard */,
				D11128A91DD8A042000DFF78 /* Info.plist */,
			);
			path = SimpleGHClient;
			sourceTree = "<group>";
		};
		D11128B11DD8A043000DFF78 /* SimpleGHClientTests */ = {
			isa = PBXGroup;
			children = (
				D11128B21DD8A043000DFF78 /* SimpleGHClientTests.swift */,
				D11128B41DD8A043000DFF78 /* Info.plist */,
			);
			path = SimpleGHClientTests;
			sourceTree = "<group>";
		};
		D11128BD1DD8A9BB000DFF78 /* Frameworks */ = {
			isa = PBXGroup;
			children = (
				D1F9C7C91DD8BB9E002C2297 /* ISO8601DateFormatter.framework */,
				D1F9C7C21DD8B010002C2297 /* OctoKit.framework */,
				D1F9C7C01DD8B00D002C2297 /* ReactiveCocoa.framework */,
				D1F9C7BE1DD8B00A002C2297 /* Mantle.framework */,
				D1F9C7BC1DD8B005002C2297 /* AFNetworking.framework */,
				D11128C41DD8A9CD000DFF78 /* OctoKit.framework */,
				D11128C21DD8A9C8000DFF78 /* ReactiveCocoa.framework */,
				D11128C01DD8A9C3000DFF78 /* Mantle.framework */,
				D11128BE1DD8A9BB000DFF78 /* AFNetworking.framework */,
			);
			name = Frameworks;
			sourceTree = "<group>";
		};
/* End PBXGroup section */

/* Begin PBXNativeTarget section */
		D11128991DD8A042000DFF78 /* SimpleGHClient */ = {
			isa = PBXNativeTarget;
			buildConfigurationList = D11128B71DD8A043000DFF78 /* Build configuration list for PBXNativeTarget "SimpleGHClient" */;
			buildPhases = (
				D11128C71DD8AB29000DFF78 /* ShellScript */,
				D11128961DD8A042000DFF78 /* Sources */,
				D11128971DD8A042000DFF78 /* Frameworks */,
				D11128981DD8A042000DFF78 /* Resources */,
			);
			buildRules = (
			);
			dependencies = (
			);
			name = SimpleGHClient;
			productName = SimpleGHClient;
			productReference = D111289A1DD8A042000DFF78 /* SimpleGHClient.app */;
			productType = "com.apple.product-type.application";
		};
		D11128AD1DD8A043000DFF78 /* SimpleGHClientTests */ = {
			isa = PBXNativeTarget;
			buildConfigurationList = D11128BA1DD8A043000DFF78 /* Build configuration list for PBXNativeTarget "SimpleGHClientTests" */;
			buildPhases = (
				D11128AA1DD8A043000DFF78 /* Sources */,
				D11128AB1DD8A043000DFF78 /* Frameworks */,
				D11128AC1DD8A043000DFF78 /* Resources */,
			);
			buildRules = (
			);
			dependencies = (
				D11128B01DD8A043000DFF78 /* PBXTargetDependency */,
			);
			name = SimpleGHClientTests;
			productName = SimpleGHClientTests;
			productReference = D11128AE1DD8A043000DFF78 /* SimpleGHClientTests.xctest */;
			productType = "com.apple.product-type.bundle.unit-test";
		};
/* End PBXNativeTarget section */

/* Begin PBXProject section */
		D11128921DD8A042000DFF78 /* Project object */ = {
			isa = PBXProject;
			attributes = {
				LastSwiftUpdateCheck = 0810;
				LastUpgradeCheck = 0810;
				ORGANIZATIONNAME = secansoida;
				TargetAttributes = {
					D11128991DD8A042000DFF78 = {
						CreatedOnToolsVersion = 8.1;
						DevelopmentTeam = UA42A67M7X;
						ProvisioningStyle = Automatic;
					};
					D11128AD1DD8A043000DFF78 = {
						CreatedOnToolsVersion = 8.1;
						DevelopmentTeam = UA42A67M7X;
						ProvisioningStyle = Automatic;
						TestTargetID = D11128991DD8A042000DFF78;
					};
				};
			};
			buildConfigurationList = D11128951DD8A042000DFF78 /* Build configuration list for PBXProject "SimpleGHClient" */;
			compatibilityVersion = "Xcode 3.2";
			developmentRegion = English;
			hasScannedForEncodings = 0;
			knownRegions = (
				en,
				Base,
			);
			mainGroup = D11128911DD8A042000DFF78;
			productRefGroup = D111289B1DD8A042000DFF78 /* Products */;
			projectDirPath = "";
			projectRoot = "";
			targets = (
				D11128991DD8A042000DFF78 /* SimpleGHClient */,
				D11128AD1DD8A043000DFF78 /* SimpleGHClientTests */,
			);
		};
/* End PBXProject section */

/* Begin PBXResourcesBuildPhase section */
		D11128981DD8A042000DFF78 /* Resources */ = {
			isa = PBXResourcesBuildPhase;
			buildActionMask = 2147483647;
			files = (
				D11128A81DD8A042000DFF78 /* LaunchScreen.storyboard in Resources */,
				D11128A51DD8A042000DFF78 /* Assets.xcassets in Resources */,
				D11128A31DD8A042000DFF78 /* Main.storyboard in Resources */,
			);
			runOnlyForDeploymentPostprocessing = 0;
		};
		D11128AC1DD8A043000DFF78 /* Resources */ = {
			isa = PBXResourcesBuildPhase;
			buildActionMask = 2147483647;
			files = (
			);
			runOnlyForDeploymentPostprocessing = 0;
		};
/* End PBXResourcesBuildPhase section */

/* Begin PBXShellScriptBuildPhase section */
		D11128C71DD8AB29000DFF78 /* ShellScript */ = {
			isa = PBXShellScriptBuildPhase;
			buildActionMask = 2147483647;
			files = (
			);
			inputPaths = (
				"$(SRCROOT)/Carthage/Build/iOS/AFNetworking.framework",
				"$(SRCROOT)/Carthage/Build/iOS/Mantle.framework",
				"$(SRCROOT)/Carthage/Build/iOS/ReactiveCocoa.framework",
				"$(SRCROOT)/Carthage/Build/iOS/OctoKit.framework",
				"$(SRCROOT)/Carthage/Build/iOS/ISO8601DateFormatter.framework",
			);
			outputPaths = (
			);
			runOnlyForDeploymentPostprocessing = 0;
			shellPath = /bin/sh;
			shellScript = "/usr/local/bin/carthage copy-frameworks";
		};
/* End PBXShellScriptBuildPhase section */

/* Begin PBXSourcesBuildPhase section */
		D11128961DD8A042000DFF78 /* Sources */ = {
			isa = PBXSourcesBuildPhase;
			buildActionMask = 2147483647;
			files = (
				D11128A01DD8A042000DFF78 /* ViewController.swift in Sources */,
				D18306C81DE20021005A0579 /* NetworkingManager.swift in Sources */,
				D111289E1DD8A042000DFF78 /* AppDelegate.swift in Sources */,
				D18306C51DE1F6ED005A0579 /* ReposAndUsersTableViewDataSourceDelegate.swift in Sources */,
			);
			runOnlyForDeploymentPostprocessing = 0;
		};
		D11128AA1DD8A043000DFF78 /* Sources */ = {
			isa = PBXSourcesBuildPhase;
			buildActionMask = 2147483647;
			files = (
				D11128B31DD8A043000DFF78 /* SimpleGHClientTests.swift in Sources */,
			);
			runOnlyForDeploymentPostprocessing = 0;
		};
/* End PBXSourcesBuildPhase section */

/* Begin PBXTargetDependency section */
		D11128B01DD8A043000DFF78 /* PBXTargetDependency */ = {
			isa = PBXTargetDependency;
			target = D11128991DD8A042000DFF78 /* SimpleGHClient */;
			targetProxy = D11128AF1DD8A043000DFF78 /* PBXContainerItemProxy */;
		};
/* End PBXTargetDependency section */

/* Begin PBXVariantGroup section */
		D11128A11DD8A042000DFF78 /* Main.storyboard */ = {
			isa = PBXVariantGroup;
			children = (
				D11128A21DD8A042000DFF78 /* Base */,
			);
			name = Main.storyboard;
			sourceTree = "<group>";
		};
		D11128A61DD8A042000DFF78 /* LaunchScreen.storyboard */ = {
			isa = PBXVariantGroup;
			children = (
				D11128A71DD8A042000DFF78 /* Base */,
			);
			name = LaunchScreen.storyboard;
			sourceTree = "<group>";
		};
/* End PBXVariantGroup section */

/* Begin XCBuildConfiguration section */
		D11128B51DD8A043000DFF78 /* Debug */ = {
			isa = XCBuildConfiguration;
			buildSettings = {
				ALWAYS_SEARCH_USER_PATHS = NO;
				CLANG_ANALYZER_NONNULL = YES;
				CLANG_CXX_LANGUAGE_STANDARD = "gnu++0x";
				CLANG_CXX_LIBRARY = "libc++";
				CLANG_ENABLE_MODULES = YES;
				CLANG_ENABLE_OBJC_ARC = YES;
				CLANG_WARN_BOOL_CONVERSION = YES;
				CLANG_WARN_CONSTANT_CONVERSION = YES;
				CLANG_WARN_DIRECT_OBJC_ISA_USAGE = YES_ERROR;
				CLANG_WARN_DOCUMENTATION_COMMENTS = YES;
				CLANG_WARN_EMPTY_BODY = YES;
				CLANG_WARN_ENUM_CONVERSION = YES;
				CLANG_WARN_INFINITE_RECURSION = YES;
				CLANG_WARN_INT_CONVERSION = YES;
				CLANG_WARN_OBJC_ROOT_CLASS = YES_ERROR;
				CLANG_WARN_SUSPICIOUS_MOVES = YES;
				CLANG_WARN_UNREACHABLE_CODE = YES;
				CLANG_WARN__DUPLICATE_METHOD_MATCH = YES;
				"CODE_SIGN_IDENTITY[sdk=iphoneos*]" = "iPhone Developer";
				COPY_PHASE_STRIP = NO;
				DEBUG_INFORMATION_FORMAT = dwarf;
				ENABLE_STRICT_OBJC_MSGSEND = YES;
				ENABLE_TESTABILITY = YES;
				GCC_C_LANGUAGE_STANDARD = gnu99;
				GCC_DYNAMIC_NO_PIC = NO;
				GCC_NO_COMMON_BLOCKS = YES;
				GCC_OPTIMIZATION_LEVEL = 0;
				GCC_PREPROCESSOR_DEFINITIONS = (
					"DEBUG=1",
					"$(inherited)",
				);
				GCC_WARN_64_TO_32_BIT_CONVERSION = YES;
				GCC_WARN_ABOUT_RETURN_TYPE = YES_ERROR;
				GCC_WARN_UNDECLARED_SELECTOR = YES;
				GCC_WARN_UNINITIALIZED_AUTOS = YES_AGGRESSIVE;
				GCC_WARN_UNUSED_FUNCTION = YES;
				GCC_WARN_UNUSED_VARIABLE = YES;
				IPHONEOS_DEPLOYMENT_TARGET = 10.1;
				MTL_ENABLE_DEBUG_INFO = YES;
				ONLY_ACTIVE_ARCH = YES;
				SDKROOT = iphoneos;
				SWIFT_ACTIVE_COMPILATION_CONDITIONS = DEBUG;
				SWIFT_OPTIMIZATION_LEVEL = "-Onone";
			};
			name = Debug;
		};
		D11128B61DD8A043000DFF78 /* Release */ = {
			isa = XCBuildConfiguration;
			buildSettings = {
				ALWAYS_SEARCH_USER_PATHS = NO;
				CLANG_ANALYZER_NONNULL = YES;
				CLANG_CXX_LANGUAGE_STANDARD = "gnu++0x";
				CLANG_CXX_LIBRARY = "libc++";
				CLANG_ENABLE_MODULES = YES;
				CLANG_ENABLE_OBJC_ARC = YES;
				CLANG_WARN_BOOL_CONVERSION = YES;
				CLANG_WARN_CONSTANT_CONVERSION = YES;
				CLANG_WARN_DIRECT_OBJC_ISA_USAGE = YES_ERROR;
				CLANG_WARN_DOCUMENTATION_COMMENTS = YES;
				CLANG_WARN_EMPTY_BODY = YES;
				CLANG_WARN_ENUM_CONVERSION = YES;
				CLANG_WARN_INFINITE_RECURSION = YES;
				CLANG_WARN_INT_CONVERSION = YES;
				CLANG_WARN_OBJC_ROOT_CLASS = YES_ERROR;
				CLANG_WARN_SUSPICIOUS_MOVES = YES;
				CLANG_WARN_UNREACHABLE_CODE = YES;
				CLANG_WARN__DUPLICATE_METHOD_MATCH = YES;
				"CODE_SIGN_IDENTITY[sdk=iphoneos*]" = "iPhone Developer";
				COPY_PHASE_STRIP = NO;
				DEBUG_INFORMATION_FORMAT = "dwarf-with-dsym";
				ENABLE_NS_ASSERTIONS = NO;
				ENABLE_STRICT_OBJC_MSGSEND = YES;
				GCC_C_LANGUAGE_STANDARD = gnu99;
				GCC_NO_COMMON_BLOCKS = YES;
				GCC_WARN_64_TO_32_BIT_CONVERSION = YES;
				GCC_WARN_ABOUT_RETURN_TYPE = YES_ERROR;
				GCC_WARN_UNDECLARED_SELECTOR = YES;
				GCC_WARN_UNINITIALIZED_AUTOS = YES_AGGRESSIVE;
				GCC_WARN_UNUSED_FUNCTION = YES;
				GCC_WARN_UNUSED_VARIABLE = YES;
				IPHONEOS_DEPLOYMENT_TARGET = 10.1;
				MTL_ENABLE_DEBUG_INFO = NO;
				SDKROOT = iphoneos;
				SWIFT_OPTIMIZATION_LEVEL = "-Owholemodule";
				VALIDATE_PRODUCT = YES;
			};
			name = Release;
		};
		D11128B81DD8A043000DFF78 /* Debug */ = {
			isa = XCBuildConfiguration;
			buildSettings = {
				ASSETCATALOG_COMPILER_APPICON_NAME = AppIcon;
				DEVELOPMENT_TEAM = UA42A67M7X;
				FRAMEWORK_SEARCH_PATHS = (
					"$(inherited)",
					"$(PROJECT_DIR)/Carthage/Build/iOS",
				);
				INFOPLIST_FILE = SimpleGHClient/Info.plist;
				LD_RUNPATH_SEARCH_PATHS = "$(inherited) @executable_path/Frameworks";
				PRODUCT_BUNDLE_IDENTIFIER = com.secansoida.SimpleGHClient;
				PRODUCT_NAME = "$(TARGET_NAME)";
				SWIFT_VERSION = 3.0;
			};
			name = Debug;
		};
		D11128B91DD8A043000DFF78 /* Release */ = {
			isa = XCBuildConfiguration;
			buildSettings = {
				ASSETCATALOG_COMPILER_APPICON_NAME = AppIcon;
				DEVELOPMENT_TEAM = UA42A67M7X;
				FRAMEWORK_SEARCH_PATHS = (
					"$(inherited)",
					"$(PROJECT_DIR)/Carthage/Build/iOS",
				);
				INFOPLIST_FILE = SimpleGHClient/Info.plist;
				LD_RUNPATH_SEARCH_PATHS = "$(inherited) @executable_path/Frameworks";
				PRODUCT_BUNDLE_IDENTIFIER = com.secansoida.SimpleGHClient;
				PRODUCT_NAME = "$(TARGET_NAME)";
				SWIFT_VERSION = 3.0;
			};
			name = Release;
		};
		D11128BB1DD8A043000DFF78 /* Debug */ = {
			isa = XCBuildConfiguration;
			buildSettings = {
				ALWAYS_EMBED_SWIFT_STANDARD_LIBRARIES = YES;
				BUNDLE_LOADER = "$(TEST_HOST)";
				DEVELOPMENT_TEAM = UA42A67M7X;
				INFOPLIST_FILE = SimpleGHClientTests/Info.plist;
				LD_RUNPATH_SEARCH_PATHS = "$(inherited) @executable_path/Frameworks @loader_path/Frameworks";
				PRODUCT_BUNDLE_IDENTIFIER = com.secansoida.SimpleGHClientTests;
				PRODUCT_NAME = "$(TARGET_NAME)";
				SWIFT_VERSION = 3.0;
				TEST_HOST = "$(BUILT_PRODUCTS_DIR)/SimpleGHClient.app/SimpleGHClient";
			};
			name = Debug;
		};
		D11128BC1DD8A043000DFF78 /* Release */ = {
			isa = XCBuildConfiguration;
			buildSettings = {
				ALWAYS_EMBED_SWIFT_STANDARD_LIBRARIES = YES;
				BUNDLE_LOADER = "$(TEST_HOST)";
				DEVELOPMENT_TEAM = UA42A67M7X;
				INFOPLIST_FILE = SimpleGHClientTests/Info.plist;
				LD_RUNPATH_SEARCH_PATHS = "$(inherited) @executable_path/Frameworks @loader_path/Frameworks";
				PRODUCT_BUNDLE_IDENTIFIER = com.secansoida.SimpleGHClientTests;
				PRODUCT_NAME = "$(TARGET_NAME)";
				SWIFT_VERSION = 3.0;
				TEST_HOST = "$(BUILT_PRODUCTS_DIR)/SimpleGHClient.app/SimpleGHClient";
			};
			name = Release;
		};
/* End XCBuildConfiguration section */

/* Begin XCConfigurationList section */
		D11128951DD8A042000DFF78 /* Build configuration list for PBXProject "SimpleGHClient" */ = {
			isa = XCConfigurationList;
			buildConfigurations = (
				D11128B51DD8A043000DFF78 /* Debug */,
				D11128B61DD8A043000DFF78 /* Release */,
			);
			defaultConfigurationIsVisible = 0;
			defaultConfigurationName = Release;
		};
		D11128B71DD8A043000DFF78 /* Build configuration list for PBXNativeTarget "SimpleGHClient" */ = {
			isa = XCConfigurationList;
			buildConfigurations = (
				D11128B81DD8A043000DFF78 /* Debug */,
				D11128B91DD8A043000DFF78 /* Release */,
			);
			defaultConfigurationIsVisible = 0;
			defaultConfigurationName = Release;
		};
		D11128BA1DD8A043000DFF78 /* Build configuration list for PBXNativeTarget "SimpleGHClientTests" */ = {
			isa = XCConfigurationList;
			buildConfigurations = (
				D11128BB1DD8A043000DFF78 /* Debug */,
				D11128BC1DD8A043000DFF78 /* Release */,
			);
			defaultConfigurationIsVisible = 0;
			defaultConfigurationName = Release;
		};
/* End XCConfigurationList section */
	};
	rootObject = D11128921DD8A042000DFF78 /* Project object */;
}
